
Microsoft Visual Studio Solution File, Format Version 12.00
# Visual Studio Version 17
VisualStudioVersion = 17.2.32505.173
MinimumVisualStudioVersion = 10.0.40219.1
Project("{FAE04EC0-301F-11D3-BF4B-00C04F79EFBC}") = "Rock_Paper_Scissors", "Rock_Paper_Scissors\Rock_Paper_Scissors.csproj", "{14082FBB-6AD6-43CF-9164-BFF0C1BBE816}"
EndProject
Global
	GlobalSection(SolutionConfigurationPlatforms) = preSolution
		Debug|Any CPU = Debug|Any CPU
		Release|Any CPU = Release|Any CPU
	EndGlobalSection
	GlobalSection(ProjectConfigurationPlatforms) = postSolution
		{14082FBB-6AD6-43CF-9164-BFF0C1BBE816}.Debug|Any CPU.ActiveCfg = Debug|Any CPU
		{14082FBB-6AD6-43CF-9164-BFF0C1BBE816}.Debug|Any CPU.Build.0 = Debug|Any CPU
		{14082FBB-6AD6-43CF-9164-BFF0C1BBE816}.Release|Any CPU.ActiveCfg = Release|Any CPU
		{14082FBB-6AD6-43CF-9164-BFF0C1BBE816}.Release|Any CPU.Build.0 = Release|Any CPU
	EndGlobalSection
	GlobalSection(SolutionProperties) = preSolution
		HideSolutionNode = FALSE
	EndGlobalSection
	GlobalSection(ExtensibilityGlobals) = postSolution
		SolutionGuid = {B5D88FAC-F1AA-41AB-9053-5FC4B6E470AD}
	EndGlobalSection
EndGlobal
